
Microsoft Visual Studio Solution File, Format Version 12.00
# Visual Studio 2013
VisualStudioVersion = 12.0.21005.1
MinimumVisualStudioVersion = 10.0.40219.1
Project("{FAE04EC0-301F-11D3-BF4B-00C04F79EFBC}") = "Multinotes.Model", "Multinotes.Model\Multinotes.Model.csproj", "{0B7873B9-CE6F-4CC9-B468-69695C37CA2D}"
EndProject
Project("{FAE04EC0-301F-11D3-BF4B-00C04F79EFBC}") = "Multinotes.WinApp", "Multinotes.WinApp\Multinotes.WinApp.csproj", "{8E49D429-5045-4561-A144-4F738DE78D8B}"
EndProject
Project("{FAE04EC0-301F-11D3-BF4B-00C04F79EFBC}") = "Multinotes.PhoneApp", "Multinotes.PhoneApp\Multinotes.PhoneApp.csproj", "{0F8C15A5-73FD-495F-88B0-16F55187F7BD}"
EndProject
Project("{FAE04EC0-301F-11D3-BF4B-00C04F79EFBC}") = "Multinotes.UnitTest", "Multinotes.UnitTest\Multinotes.UnitTest.csproj", "{32395592-8808-4096-A277-8876047E559A}"
EndProject
Project("{FAE04EC0-301F-11D3-BF4B-00C04F79EFBC}") = "Multinotes.UnitTest.Phone", "Multinotes.UnitTest.Phone\Multinotes.UnitTest.Phone.csproj", "{8709EEAF-1182-46C9-8782-5D9FD1066EDF}"
EndProject
Project("{FAE04EC0-301F-11D3-BF4B-00C04F79EFBC}") = "Multinotes.UnitTest.Store", "Multinotes.UnitTest.Store\Multinotes.UnitTest.Store.csproj", "{7CA16335-F026-4AA7-812C-7C5C0E36F698}"
EndProject
Project("{FAE04EC0-301F-11D3-BF4B-00C04F79EFBC}") = "Multinotes.Desktop", "Multinotes.Desktop\Multinotes.Desktop.csproj", "{A7C219CA-D9C6-4383-80EE-243A8E7AE2AC}"
EndProject
Global
	GlobalSection(SolutionConfigurationPlatforms) = preSolution
		Debug|Any CPU = Debug|Any CPU
		Debug|ARM = Debug|ARM
		Debug|Mixed Platforms = Debug|Mixed Platforms
		Debug|x64 = Debug|x64
		Debug|x86 = Debug|x86
		Release|Any CPU = Release|Any CPU
		Release|ARM = Release|ARM
		Release|Mixed Platforms = Release|Mixed Platforms
		Release|x64 = Release|x64
		Release|x86 = Release|x86
	EndGlobalSection
	GlobalSection(ProjectConfigurationPlatforms) = postSolution
		{0B7873B9-CE6F-4CC9-B468-69695C37CA2D}.Debug|Any CPU.ActiveCfg = Debug|Any CPU
		{0B7873B9-CE6F-4CC9-B468-69695C37CA2D}.Debug|Any CPU.Build.0 = Debug|Any CPU
		{0B7873B9-CE6F-4CC9-B468-69695C37CA2D}.Debug|ARM.ActiveCfg = Debug|Any CPU
		{0B7873B9-CE6F-4CC9-B468-69695C37CA2D}.Debug|Mixed Platforms.ActiveCfg = Debug|Any CPU
		{0B7873B9-CE6F-4CC9-B468-69695C37CA2D}.Debug|Mixed Platforms.Build.0 = Debug|Any CPU
		{0B7873B9-CE6F-4CC9-B468-69695C37CA2D}.Debug|x64.ActiveCfg = Debug|Any CPU
		{0B7873B9-CE6F-4CC9-B468-69695C37CA2D}.Debug|x86.ActiveCfg = Debug|Any CPU
		{0B7873B9-CE6F-4CC9-B468-69695C37CA2D}.Release|Any CPU.ActiveCfg = Release|Any CPU
		{0B7873B9-CE6F-4CC9-B468-69695C37CA2D}.Release|Any CPU.Build.0 = Release|Any CPU
		{0B7873B9-CE6F-4CC9-B468-69695C37CA2D}.Release|ARM.ActiveCfg = Release|Any CPU
		{0B7873B9-CE6F-4CC9-B468-69695C37CA2D}.Release|Mixed Platforms.ActiveCfg = Release|Any CPU
		{0B7873B9-CE6F-4CC9-B468-69695C37CA2D}.Release|Mixed Platforms.Build.0 = Release|Any CPU
		{0B7873B9-CE6F-4CC9-B468-69695C37CA2D}.Release|x64.ActiveCfg = Release|Any CPU
		{0B7873B9-CE6F-4CC9-B468-69695C37CA2D}.Release|x86.ActiveCfg = Release|Any CPU
		{8E49D429-5045-4561-A144-4F738DE78D8B}.Debug|Any CPU.ActiveCfg = Debug|Any CPU
		{8E49D429-5045-4561-A144-4F738DE78D8B}.Debug|Any CPU.Build.0 = Debug|Any CPU
		{8E49D429-5045-4561-A144-4F738DE78D8B}.Debug|Any CPU.Deploy.0 = Debug|Any CPU
		{8E49D429-5045-4561-A144-4F738DE78D8B}.Debug|ARM.ActiveCfg = Debug|ARM
		{8E49D429-5045-4561-A144-4F738DE78D8B}.Debug|ARM.Build.0 = Debug|ARM
		{8E49D429-5045-4561-A144-4F738DE78D8B}.Debug|ARM.Deploy.0 = Debug|ARM
		{8E49D429-5045-4561-A144-4F738DE78D8B}.Debug|Mixed Platforms.ActiveCfg = Debug|x86
		{8E49D429-5045-4561-A144-4F738DE78D8B}.Debug|Mixed Platforms.Build.0 = Debug|x86
		{8E49D429-5045-4561-A144-4F738DE78D8B}.Debug|Mixed Platforms.Deploy.0 = Debug|x86
		{8E49D429-5045-4561-A144-4F738DE78D8B}.Debug|x64.ActiveCfg = Debug|x64
		{8E49D429-5045-4561-A144-4F738DE78D8B}.Debug|x64.Build.0 = Debug|x64
		{8E49D429-5045-4561-A144-4F738DE78D8B}.Debug|x64.Deploy.0 = Debug|x64
		{8E49D429-5045-4561-A144-4F738DE78D8B}.Debug|x86.ActiveCfg = Debug|x86
		{8E49D429-5045-4561-A144-4F738DE78D8B}.Debug|x86.Build.0 = Debug|x86
		{8E49D429-5045-4561-A144-4F738DE78D8B}.Debug|x86.Deploy.0 = Debug|x86
		{8E49D429-5045-4561-A144-4F738DE78D8B}.Release|Any CPU.ActiveCfg = Release|Any CPU
		{8E49D429-5045-4561-A144-4F738DE78D8B}.Release|Any CPU.Build.0 = Release|Any CPU
		{8E49D429-5045-4561-A144-4F738DE78D8B}.Release|Any CPU.Deploy.0 = Release|Any CPU
		{8E49D429-5045-4561-A144-4F738DE78D8B}.Release|ARM.ActiveCfg = Release|ARM
		{8E49D429-5045-4561-A144-4F738DE78D8B}.Release|ARM.Build.0 = Release|ARM
		{8E49D429-5045-4561-A144-4F738DE78D8B}.Release|ARM.Deploy.0 = Release|ARM
		{8E49D429-5045-4561-A144-4F738DE78D8B}.Release|Mixed Platforms.ActiveCfg = Release|x86
		{8E49D429-5045-4561-A144-4F738DE78D8B}.Release|Mixed Platforms.Build.0 = Release|x86
		{8E49D429-5045-4561-A144-4F738DE78D8B}.Release|Mixed Platforms.Deploy.0 = Release|x86
		{8E49D429-5045-4561-A144-4F738DE78D8B}.Release|x64.ActiveCfg = Release|x64
		{8E49D429-5045-4561-A144-4F738DE78D8B}.Release|x64.Build.0 = Release|x64
		{8E49D429-5045-4561-A144-4F738DE78D8B}.Release|x64.Deploy.0 = Release|x64
		{8E49D429-5045-4561-A144-4F738DE78D8B}.Release|x86.ActiveCfg = Release|x86
		{8E49D429-5045-4561-A144-4F738DE78D8B}.Release|x86.Build.0 = Release|x86
		{8E49D429-5045-4561-A144-4F738DE78D8B}.Release|x86.Deploy.0 = Release|x86
		{0F8C15A5-73FD-495F-88B0-16F55187F7BD}.Debug|Any CPU.ActiveCfg = Debug|Any CPU
		{0F8C15A5-73FD-495F-88B0-16F55187F7BD}.Debug|Any CPU.Build.0 = Debug|Any CPU
		{0F8C15A5-73FD-495F-88B0-16F55187F7BD}.Debug|Any CPU.Deploy.0 = Debug|Any CPU
		{0F8C15A5-73FD-495F-88B0-16F55187F7BD}.Debug|ARM.ActiveCfg = Debug|ARM
		{0F8C15A5-73FD-495F-88B0-16F55187F7BD}.Debug|ARM.Build.0 = Debug|ARM
		{0F8C15A5-73FD-495F-88B0-16F55187F7BD}.Debug|ARM.Deploy.0 = Debug|ARM
		{0F8C15A5-73FD-495F-88B0-16F55187F7BD}.Debug|Mixed Platforms.ActiveCfg = Debug|x86
		{0F8C15A5-73FD-495F-88B0-16F55187F7BD}.Debug|Mixed Platforms.Build.0 = Debug|x86
		{0F8C15A5-73FD-495F-88B0-16F55187F7BD}.Debug|Mixed Platforms.Deploy.0 = Debug|x86
		{0F8C15A5-73FD-495F-88B0-16F55187F7BD}.Debug|x64.ActiveCfg = Debug|Any CPU
		{0F8C15A5-73FD-495F-88B0-16F55187F7BD}.Debug|x86.ActiveCfg = Debug|x86
		{0F8C15A5-73FD-495F-88B0-16F55187F7BD}.Debug|x86.Build.0 = Debug|x86
		{0F8C15A5-73FD-495F-88B0-16F55187F7BD}.Debug|x86.Deploy.0 = Debug|x86
		{0F8C15A5-73FD-495F-88B0-16F55187F7BD}.Release|Any CPU.ActiveCfg = Release|Any CPU
		{0F8C15A5-73FD-495F-88B0-16F55187F7BD}.Release|Any CPU.Build.0 = Release|Any CPU
		{0F8C15A5-73FD-495F-88B0-16F55187F7BD}.Release|Any CPU.Deploy.0 = Release|Any CPU
		{0F8C15A5-73FD-495F-88B0-16F55187F7BD}.Release|ARM.ActiveCfg = Release|ARM
		{0F8C15A5-73FD-495F-88B0-16F55187F7BD}.Release|ARM.Build.0 = Release|ARM
		{0F8C15A5-73FD-495F-88B0-16F55187F7BD}.Release|ARM.Deploy.0 = Release|ARM
		{0F8C15A5-73FD-495F-88B0-16F55187F7BD}.Release|Mixed Platforms.ActiveCfg = Release|x86
		{0F8C15A5-73FD-495F-88B0-16F55187F7BD}.Release|Mixed Platforms.Build.0 = Release|x86
		{0F8C15A5-73FD-495F-88B0-16F55187F7BD}.Release|Mixed Platforms.Deploy.0 = Release|x86
		{0F8C15A5-73FD-495F-88B0-16F55187F7BD}.Release|x64.ActiveCfg = Release|Any CPU
		{0F8C15A5-73FD-495F-88B0-16F55187F7BD}.Release|x86.ActiveCfg = Release|x86
		{0F8C15A5-73FD-495F-88B0-16F55187F7BD}.Release|x86.Build.0 = Release|x86
		{0F8C15A5-73FD-495F-88B0-16F55187F7BD}.Release|x86.Deploy.0 = Release|x86
		{32395592-8808-4096-A277-8876047E559A}.Debug|Any CPU.ActiveCfg = Debug|Any CPU
		{32395592-8808-4096-A277-8876047E559A}.Debug|Any CPU.Build.0 = Debug|Any CPU
		{32395592-8808-4096-A277-8876047E559A}.Debug|ARM.ActiveCfg = Debug|Any CPU
		{32395592-8808-4096-A277-8876047E559A}.Debug|Mixed Platforms.ActiveCfg = Debug|Any CPU
		{32395592-8808-4096-A277-8876047E559A}.Debug|Mixed Platforms.Build.0 = Debug|Any CPU
		{32395592-8808-4096-A277-8876047E559A}.Debug|x64.ActiveCfg = Debug|Any CPU
		{32395592-8808-4096-A277-8876047E559A}.Debug|x86.ActiveCfg = Debug|Any CPU
		{32395592-8808-4096-A277-8876047E559A}.Release|Any CPU.ActiveCfg = Release|Any CPU
		{32395592-8808-4096-A277-8876047E559A}.Release|Any CPU.Build.0 = Release|Any CPU
		{32395592-8808-4096-A277-8876047E559A}.Release|ARM.ActiveCfg = Release|Any CPU
		{32395592-8808-4096-A277-8876047E559A}.Release|Mixed Platforms.ActiveCfg = Release|Any CPU
		{32395592-8808-4096-A277-8876047E559A}.Release|Mixed Platforms.Build.0 = Release|Any CPU
		{32395592-8808-4096-A277-8876047E559A}.Release|x64.ActiveCfg = Release|Any CPU
		{32395592-8808-4096-A277-8876047E559A}.Release|x86.ActiveCfg = Release|Any CPU
		{8709EEAF-1182-46C9-8782-5D9FD1066EDF}.Debug|Any CPU.ActiveCfg = Debug|x86
		{8709EEAF-1182-46C9-8782-5D9FD1066EDF}.Debug|ARM.ActiveCfg = Debug|ARM
		{8709EEAF-1182-46C9-8782-5D9FD1066EDF}.Debug|ARM.Build.0 = Debug|ARM
		{8709EEAF-1182-46C9-8782-5D9FD1066EDF}.Debug|ARM.Deploy.0 = Debug|ARM
		{8709EEAF-1182-46C9-8782-5D9FD1066EDF}.Debug|Mixed Platforms.ActiveCfg = Debug|x86
		{8709EEAF-1182-46C9-8782-5D9FD1066EDF}.Debug|Mixed Platforms.Build.0 = Debug|x86
		{8709EEAF-1182-46C9-8782-5D9FD1066EDF}.Debug|Mixed Platforms.Deploy.0 = Debug|x86
		{8709EEAF-1182-46C9-8782-5D9FD1066EDF}.Debug|x64.ActiveCfg = Debug|x86
		{8709EEAF-1182-46C9-8782-5D9FD1066EDF}.Debug|x86.ActiveCfg = Debug|x86
		{8709EEAF-1182-46C9-8782-5D9FD1066EDF}.Debug|x86.Build.0 = Debug|x86
		{8709EEAF-1182-46C9-8782-5D9FD1066EDF}.Debug|x86.Deploy.0 = Debug|x86
		{8709EEAF-1182-46C9-8782-5D9FD1066EDF}.Release|Any CPU.ActiveCfg = Release|x86
		{8709EEAF-1182-46C9-8782-5D9FD1066EDF}.Release|ARM.ActiveCfg = Release|ARM
		{8709EEAF-1182-46C9-8782-5D9FD1066EDF}.Release|ARM.Build.0 = Release|ARM
		{8709EEAF-1182-46C9-8782-5D9FD1066EDF}.Release|ARM.Deploy.0 = Release|ARM
		{8709EEAF-1182-46C9-8782-5D9FD1066EDF}.Release|Mixed Platforms.ActiveCfg = Release|x86
		{8709EEAF-1182-46C9-8782-5D9FD1066EDF}.Release|Mixed Platforms.Build.0 = Release|x86
		{8709EEAF-1182-46C9-8782-5D9FD1066EDF}.Release|Mixed Platforms.Deploy.0 = Release|x86
		{8709EEAF-1182-46C9-8782-5D9FD1066EDF}.Release|x64.ActiveCfg = Release|x86
		{8709EEAF-1182-46C9-8782-5D9FD1066EDF}.Release|x86.ActiveCfg = Release|x86
		{8709EEAF-1182-46C9-8782-5D9FD1066EDF}.Release|x86.Build.0 = Release|x86
		{8709EEAF-1182-46C9-8782-5D9FD1066EDF}.Release|x86.Deploy.0 = Release|x86
		{7CA16335-F026-4AA7-812C-7C5C0E36F698}.Debug|Any CPU.ActiveCfg = Debug|Any CPU
		{7CA16335-F026-4AA7-812C-7C5C0E36F698}.Debug|Any CPU.Build.0 = Debug|Any CPU
		{7CA16335-F026-4AA7-812C-7C5C0E36F698}.Debug|Any CPU.Deploy.0 = Debug|Any CPU
		{7CA16335-F026-4AA7-812C-7C5C0E36F698}.Debug|ARM.ActiveCfg = Debug|ARM
		{7CA16335-F026-4AA7-812C-7C5C0E36F698}.Debug|ARM.Build.0 = Debug|ARM
		{7CA16335-F026-4AA7-812C-7C5C0E36F698}.Debug|ARM.Deploy.0 = Debug|ARM
		{7CA16335-F026-4AA7-812C-7C5C0E36F698}.Debug|Mixed Platforms.ActiveCfg = Debug|x86
		{7CA16335-F026-4AA7-812C-7C5C0E36F698}.Debug|Mixed Platforms.Build.0 = Debug|x86
		{7CA16335-F026-4AA7-812C-7C5C0E36F698}.Debug|Mixed Platforms.Deploy.0 = Debug|x86
		{7CA16335-F026-4AA7-812C-7C5C0E36F698}.Debug|x64.ActiveCfg = Debug|x64
		{7CA16335-F026-4AA7-812C-7C5C0E36F698}.Debug|x64.Build.0 = Debug|x64
		{7CA16335-F026-4AA7-812C-7C5C0E36F698}.Debug|x64.Deploy.0 = Debug|x64
		{7CA16335-F026-4AA7-812C-7C5C0E36F698}.Debug|x86.ActiveCfg = Debug|x86
		{7CA16335-F026-4AA7-812C-7C5C0E36F698}.Debug|x86.Build.0 = Debug|x86
		{7CA16335-F026-4AA7-812C-7C5C0E36F698}.Debug|x86.Deploy.0 = Debug|x86
		{7CA16335-F026-4AA7-812C-7C5C0E36F698}.Release|Any CPU.ActiveCfg = Release|Any CPU
		{7CA16335-F026-4AA7-812C-7C5C0E36F698}.Release|Any CPU.Build.0 = Release|Any CPU
		{7CA16335-F026-4AA7-812C-7C5C0E36F698}.Release|Any CPU.Deploy.0 = Release|Any CPU
		{7CA16335-F026-4AA7-812C-7C5C0E36F698}.Release|ARM.ActiveCfg = Release|ARM
		{7CA16335-F026-4AA7-812C-7C5C0E36F698}.Release|ARM.Build.0 = Release|ARM
		{7CA16335-F026-4AA7-812C-7C5C0E36F698}.Release|ARM.Deploy.0 = Release|ARM
		{7CA16335-F026-4AA7-812C-7C5C0E36F698}.Release|Mixed Platforms.ActiveCfg = Release|x86
		{7CA16335-F026-4AA7-812C-7C5C0E36F698}.Release|Mixed Platforms.Build.0 = Release|x86
		{7CA16335-F026-4AA7-812C-7C5C0E36F698}.Release|Mixed Platforms.Deploy.0 = Release|x86
		{7CA16335-F026-4AA7-812C-7C5C0E36F698}.Release|x64.ActiveCfg = Release|x64
		{7CA16335-F026-4AA7-812C-7C5C0E36F698}.Release|x64.Build.0 = Release|x64
		{7CA16335-F026-4AA7-812C-7C5C0E36F698}.Release|x64.Deploy.0 = Release|x64
		{7CA16335-F026-4AA7-812C-7C5C0E36F698}.Release|x86.ActiveCfg = Release|x86
		{7CA16335-F026-4AA7-812C-7C5C0E36F698}.Release|x86.Build.0 = Release|x86
		{7CA16335-F026-4AA7-812C-7C5C0E36F698}.Release|x86.Deploy.0 = Release|x86
		{A7C219CA-D9C6-4383-80EE-243A8E7AE2AC}.Debug|Any CPU.ActiveCfg = Debug|Any CPU
		{A7C219CA-D9C6-4383-80EE-243A8E7AE2AC}.Debug|Any CPU.Build.0 = Debug|Any CPU
		{A7C219CA-D9C6-4383-80EE-243A8E7AE2AC}.Debug|ARM.ActiveCfg = Debug|Any CPU
		{A7C219CA-D9C6-4383-80EE-243A8E7AE2AC}.Debug|Mixed Platforms.ActiveCfg = Debug|Any CPU
		{A7C219CA-D9C6-4383-80EE-243A8E7AE2AC}.Debug|Mixed Platforms.Build.0 = Debug|Any CPU
		{A7C219CA-D9C6-4383-80EE-243A8E7AE2AC}.Debug|x64.ActiveCfg = Debug|Any CPU
		{A7C219CA-D9C6-4383-80EE-243A8E7AE2AC}.Debug|x86.ActiveCfg = Debug|Any CPU
		{A7C219CA-D9C6-4383-80EE-243A8E7AE2AC}.Release|Any CPU.ActiveCfg = Release|Any CPU
		{A7C219CA-D9C6-4383-80EE-243A8E7AE2AC}.Release|Any CPU.Build.0 = Release|Any CPU
		{A7C219CA-D9C6-4383-80EE-243A8E7AE2AC}.Release|ARM.ActiveCfg = Release|Any CPU
		{A7C219CA-D9C6-4383-80EE-243A8E7AE2AC}.Release|Mixed Platforms.ActiveCfg = Release|Any CPU
		{A7C219CA-D9C6-4383-80EE-243A8E7AE2AC}.Release|Mixed Platforms.Build.0 = Release|Any CPU
		{A7C219CA-D9C6-4383-80EE-243A8E7AE2AC}.Release|x64.ActiveCfg = Release|Any CPU
		{A7C219CA-D9C6-4383-80EE-243A8E7AE2AC}.Release|x86.ActiveCfg = Release|Any CPU
	EndGlobalSection
	GlobalSection(SolutionProperties) = preSolution
		HideSolutionNode = FALSE
	EndGlobalSection
EndGlobal
